{
  "requires": true,
  "lockfileVersion": 1,
  "dependencies": {
    "cn-footer-js": {
      "version": "0.1.0",
      "resolved": "https://registry.npmjs.org/cn-footer-js/-/cn-footer-js-0.1.0.tgz",
      "integrity": "sha512-3AJtS90C93l7OyN94NZg5WErEwIgI3Z+WzYF+VZRQ7+sJT/TWHSLkQShKNOxfCWQgtVqtnAbeohjEWsbuiaZdA==",
      "requires": {
        "moment": "^2.25.3"
      }
    },
    "moment": {
      "version": "2.25.3",
      "resolved": "https://registry.npmjs.org/moment/-/moment-2.25.3.tgz",
      "integrity": "sha512-PuYv0PHxZvzc15Sp8ybUCoQ+xpyPWvjOuK72a5ovzp2LI32rJXOiIfyoFoYvG3s6EwwrdkMyWuRiEHSZRLJNdg=="
    }
  }
}
